{
  "name": "web-components-ls",
  "version": "1.0.0",
  "lockfileVersion": 1,
  "requires": true,
  "dependencies": {
    "esbuild": {
      "version": "0.8.46",
      "resolved": "https://registry.npmjs.org/esbuild/-/esbuild-0.8.46.tgz",
      "integrity": "sha512-xck9sXNCNmjDHCCfxTCyhKTiFuEBweh+IDAhMLOJI990v1Fzii6MyIkT1LbkvjgoVgPX2SK1kpi5eZVGNrl8yg==",
      "dev": true
    },
    "preact": {
      "version": "10.5.12",
      "resolved": "https://registry.npmjs.org/preact/-/preact-10.5.12.tgz",
      "integrity": "sha512-r6siDkuD36oszwlCkcqDJCAKBQxGoeEGytw2DGMD5A/GGdu5Tymw+N2OBXwvOLxg6d1FeY8MgMV3cc5aVQo4Cg=="
    },
    "preact-custom-element": {
      "version": "4.2.1",
      "resolved": "https://registry.npmjs.org/preact-custom-element/-/preact-custom-element-4.2.1.tgz",
      "integrity": "sha512-/fiEEAyC+MXRlCBRmv/owoN5BLpO2nF/MF3YBHLtp4C2lNqlhV+a4he74A5DhfDoRmxDHm0sYVgQzWFEyzTDsw=="
    }
  }
}
